
Microsoft Visual Studio Solution File, Format Version 12.00
# Visual Studio Version 16
VisualStudioVersion = 16.0.30011.22
MinimumVisualStudioVersion = 10.0.40219.1
Project("{FAE04EC0-301F-11D3-BF4B-00C04F79EFBC}") = "AlgebraProjekt", "AlgebraProjekt.csproj", "{D5E69400-43DA-4EE0-88F7-9650D0E328AF}"
EndProject
Global
	GlobalSection(SolutionConfigurationPlatforms) = preSolution
		Debug|Any CPU = Debug|Any CPU
		Release|Any CPU = Release|Any CPU
	EndGlobalSection
	GlobalSection(ProjectConfigurationPlatforms) = postSolution
		{D5E69400-43DA-4EE0-88F7-9650D0E328AF}.Debug|Any CPU.ActiveCfg = Debug|Any CPU
		{D5E69400-43DA-4EE0-88F7-9650D0E328AF}.Debug|Any CPU.Build.0 = Debug|Any CPU
		{D5E69400-43DA-4EE0-88F7-9650D0E328AF}.Release|Any CPU.ActiveCfg = Release|Any CPU
		{D5E69400-43DA-4EE0-88F7-9650D0E328AF}.Release|Any CPU.Build.0 = Release|Any CPU
	EndGlobalSection
	GlobalSection(SolutionProperties) = preSolution
		HideSolutionNode = FALSE
	EndGlobalSection
	GlobalSection(ExtensibilityGlobals) = postSolution
		SolutionGuid = {C0D53431-E308-4B87-9717-505F6E2174A4}
	EndGlobalSection
EndGlobal
